
Microsoft Visual Studio Solution File, Format Version 12.00
# Visual Studio 15
VisualStudioVersion = 15.0.27703.2026
MinimumVisualStudioVersion = 10.0.40219.1
Project("{FAE04EC0-301F-11D3-BF4B-00C04F79EFBC}") = "ConfirmationLabsTests", "ConfirmationLabsTests\ConfirmationLabsTests.csproj", "{365A04C4-224A-4B53-8EF8-F031E5CCD8D9}"
EndProject
Global
	GlobalSection(SolutionConfigurationPlatforms) = preSolution
		Debug|Any CPU = Debug|Any CPU
		Release|Any CPU = Release|Any CPU
	EndGlobalSection
	GlobalSection(ProjectConfigurationPlatforms) = postSolution
		{365A04C4-224A-4B53-8EF8-F031E5CCD8D9}.Debug|Any CPU.ActiveCfg = Debug|Any CPU
		{365A04C4-224A-4B53-8EF8-F031E5CCD8D9}.Debug|Any CPU.Build.0 = Debug|Any CPU
		{365A04C4-224A-4B53-8EF8-F031E5CCD8D9}.Release|Any CPU.ActiveCfg = Release|Any CPU
		{365A04C4-224A-4B53-8EF8-F031E5CCD8D9}.Release|Any CPU.Build.0 = Release|Any CPU
	EndGlobalSection
	GlobalSection(SolutionProperties) = preSolution
		HideSolutionNode = FALSE
	EndGlobalSection
	GlobalSection(ExtensibilityGlobals) = postSolution
		SolutionGuid = {5AD0B6B1-0893-4C87-B90D-38D63DE18BAD}
	EndGlobalSection
EndGlobal
